# generated by rye
# use `rye lock` or `rye sync` to update this lockfile
#
# last locked with the following flags:
#   pre: false
#   features: []
#   all-features: false

-e file:.
cffi==1.15.1
numpy==1.24.3
opencv-python==4.7.0.72
opencv-python-headless==4.7.0.72
pycparser==2.21
sora-sdk==2023.1.0.dev6
sounddevice==0.4.6
